
Microsoft Visual Studio Solution File, Format Version 12.00
# Visual Studio Version 16
VisualStudioVersion = 16.0.30225.117
MinimumVisualStudioVersion = 10.0.40219.1
Project("{FAE04EC0-301F-11D3-BF4B-00C04F79EFBC}") = "HouseScriptClient", "HouseScriptClient\HouseScriptClient.csproj", "{86EF0BA7-3F71-4AF1-A4A6-6CE911D8796B}"
EndProject
Project("{FAE04EC0-301F-11D3-BF4B-00C04F79EFBC}") = "HouseScriptServer", "HouseScriptServer\HouseScriptServer.csproj", "{1DE5132A-3A54-40CD-AD00-BD1AD7F96FC0}"
EndProject
Global
	GlobalSection(SolutionConfigurationPlatforms) = preSolution
		Debug|Any CPU = Debug|Any CPU
		Release|Any CPU = Release|Any CPU
	EndGlobalSection
	GlobalSection(ProjectConfigurationPlatforms) = postSolution
		{86EF0BA7-3F71-4AF1-A4A6-6CE911D8796B}.Debug|Any CPU.ActiveCfg = Debug|Any CPU
		{86EF0BA7-3F71-4AF1-A4A6-6CE911D8796B}.Debug|Any CPU.Build.0 = Debug|Any CPU
		{86EF0BA7-3F71-4AF1-A4A6-6CE911D8796B}.Release|Any CPU.ActiveCfg = Release|Any CPU
		{86EF0BA7-3F71-4AF1-A4A6-6CE911D8796B}.Release|Any CPU.Build.0 = Release|Any CPU
		{1DE5132A-3A54-40CD-AD00-BD1AD7F96FC0}.Debug|Any CPU.ActiveCfg = Debug|Any CPU
		{1DE5132A-3A54-40CD-AD00-BD1AD7F96FC0}.Debug|Any CPU.Build.0 = Debug|Any CPU
		{1DE5132A-3A54-40CD-AD00-BD1AD7F96FC0}.Release|Any CPU.ActiveCfg = Release|Any CPU
		{1DE5132A-3A54-40CD-AD00-BD1AD7F96FC0}.Release|Any CPU.Build.0 = Release|Any CPU
	EndGlobalSection
	GlobalSection(SolutionProperties) = preSolution
		HideSolutionNode = FALSE
	EndGlobalSection
	GlobalSection(ExtensibilityGlobals) = postSolution
		SolutionGuid = {90BCDCFC-490F-4A9C-8A84-C93A41452DCD}
	EndGlobalSection
EndGlobal
